
Microsoft Visual Studio Solution File, Format Version 12.00
# Visual Studio Version 17
VisualStudioVersion = 17.7.34031.279
MinimumVisualStudioVersion = 10.0.40219.1
Project("{FAE04EC0-301F-11D3-BF4B-00C04F79EFBC}") = "Booking.API", "Booking.API\Booking.API.csproj", "{03BBD7EB-8B02-414D-A581-51F1509BF374}"
	ProjectSection(ProjectDependencies) = postProject
		{1616E4F0-D60B-4C80-B2D7-525DEF1B2D64} = {1616E4F0-D60B-4C80-B2D7-525DEF1B2D64}
		{82880601-6771-45BF-8115-4B3E3A5168C7} = {82880601-6771-45BF-8115-4B3E3A5168C7}
		{B3A9B852-003F-4F19-A0D5-33D643ECFDA2} = {B3A9B852-003F-4F19-A0D5-33D643ECFDA2}
	EndProjectSection
EndProject
Project("{FAE04EC0-301F-11D3-BF4B-00C04F79EFBC}") = "Booking.Context", "Booking.Context\Booking.Context.csproj", "{B3A9B852-003F-4F19-A0D5-33D643ECFDA2}"
	ProjectSection(ProjectDependencies) = postProject
		{66307FED-6AE7-41A8-A591-833AF79F1FB7} = {66307FED-6AE7-41A8-A591-833AF79F1FB7}
	EndProjectSection
EndProject
Project("{FAE04EC0-301F-11D3-BF4B-00C04F79EFBC}") = "Booking.Context.Contracts", "Booking.Context.Contracts\Booking.Context.Contracts.csproj", "{66307FED-6AE7-41A8-A591-833AF79F1FB7}"
EndProject
Project("{FAE04EC0-301F-11D3-BF4B-00C04F79EFBC}") = "Booking.Repositories", "Booking.Repositories\Booking.Repositories.csproj", "{82880601-6771-45BF-8115-4B3E3A5168C7}"
	ProjectSection(ProjectDependencies) = postProject
		{6020315F-6A49-441B-B2D2-E35AD0883A99} = {6020315F-6A49-441B-B2D2-E35AD0883A99}
	EndProjectSection
EndProject
Project("{FAE04EC0-301F-11D3-BF4B-00C04F79EFBC}") = "Booking.Repositories.Contracts", "Booking.Repositories.Contracts\Booking.Repositories.Contracts.csproj", "{6020315F-6A49-441B-B2D2-E35AD0883A99}"
	ProjectSection(ProjectDependencies) = postProject
		{66307FED-6AE7-41A8-A591-833AF79F1FB7} = {66307FED-6AE7-41A8-A591-833AF79F1FB7}
	EndProjectSection
EndProject
Project("{FAE04EC0-301F-11D3-BF4B-00C04F79EFBC}") = "Booking.Repositories.Tests", "Booking.Repositories.Tests\Booking.Repositories.Tests.csproj", "{4798B0C0-0146-44B1-BF46-43853A97BA0C}"
EndProject
Project("{FAE04EC0-301F-11D3-BF4B-00C04F79EFBC}") = "Booking.Servises", "Booking.Servises\Booking.Servises.csproj", "{1616E4F0-D60B-4C80-B2D7-525DEF1B2D64}"
	ProjectSection(ProjectDependencies) = postProject
		{35F39EE5-0F7E-4BF4-9A71-5424910E8A15} = {35F39EE5-0F7E-4BF4-9A71-5424910E8A15}
		{6020315F-6A49-441B-B2D2-E35AD0883A99} = {6020315F-6A49-441B-B2D2-E35AD0883A99}
	EndProjectSection
EndProject
Project("{FAE04EC0-301F-11D3-BF4B-00C04F79EFBC}") = "Booking.Servises.Contracts", "Booking.Servises.Contracts\Booking.Servises.Contracts.csproj", "{35F39EE5-0F7E-4BF4-9A71-5424910E8A15}"
EndProject
Project("{FAE04EC0-301F-11D3-BF4B-00C04F79EFBC}") = "Booking.Servises.Tests", "Booking.Servises.Tests\Booking.Servises.Tests.csproj", "{DC4A5B28-DFBB-4875-B543-7C73F8DD6D33}"
EndProject
Global
	GlobalSection(SolutionConfigurationPlatforms) = preSolution
		Debug|Any CPU = Debug|Any CPU
		Release|Any CPU = Release|Any CPU
	EndGlobalSection
	GlobalSection(ProjectConfigurationPlatforms) = postSolution
		{03BBD7EB-8B02-414D-A581-51F1509BF374}.Debug|Any CPU.ActiveCfg = Debug|Any CPU
		{03BBD7EB-8B02-414D-A581-51F1509BF374}.Debug|Any CPU.Build.0 = Debug|Any CPU
		{03BBD7EB-8B02-414D-A581-51F1509BF374}.Release|Any CPU.ActiveCfg = Release|Any CPU
		{03BBD7EB-8B02-414D-A581-51F1509BF374}.Release|Any CPU.Build.0 = Release|Any CPU
		{B3A9B852-003F-4F19-A0D5-33D643ECFDA2}.Debug|Any CPU.ActiveCfg = Debug|Any CPU
		{B3A9B852-003F-4F19-A0D5-33D643ECFDA2}.Debug|Any CPU.Build.0 = Debug|Any CPU
		{B3A9B852-003F-4F19-A0D5-33D643ECFDA2}.Release|Any CPU.ActiveCfg = Release|Any CPU
		{B3A9B852-003F-4F19-A0D5-33D643ECFDA2}.Release|Any CPU.Build.0 = Release|Any CPU
		{66307FED-6AE7-41A8-A591-833AF79F1FB7}.Debug|Any CPU.ActiveCfg = Debug|Any CPU
		{66307FED-6AE7-41A8-A591-833AF79F1FB7}.Debug|Any CPU.Build.0 = Debug|Any CPU
		{66307FED-6AE7-41A8-A591-833AF79F1FB7}.Release|Any CPU.ActiveCfg = Release|Any CPU
		{66307FED-6AE7-41A8-A591-833AF79F1FB7}.Release|Any CPU.Build.0 = Release|Any CPU
		{82880601-6771-45BF-8115-4B3E3A5168C7}.Debug|Any CPU.ActiveCfg = Debug|Any CPU
		{82880601-6771-45BF-8115-4B3E3A5168C7}.Debug|Any CPU.Build.0 = Debug|Any CPU
		{82880601-6771-45BF-8115-4B3E3A5168C7}.Release|Any CPU.ActiveCfg = Release|Any CPU
		{82880601-6771-45BF-8115-4B3E3A5168C7}.Release|Any CPU.Build.0 = Release|Any CPU
		{6020315F-6A49-441B-B2D2-E35AD0883A99}.Debug|Any CPU.ActiveCfg = Debug|Any CPU
		{6020315F-6A49-441B-B2D2-E35AD0883A99}.Debug|Any CPU.Build.0 = Debug|Any CPU
		{6020315F-6A49-441B-B2D2-E35AD0883A99}.Release|Any CPU.ActiveCfg = Release|Any CPU
		{6020315F-6A49-441B-B2D2-E35AD0883A99}.Release|Any CPU.Build.0 = Release|Any CPU
		{4798B0C0-0146-44B1-BF46-43853A97BA0C}.Debug|Any CPU.ActiveCfg = Debug|Any CPU
		{4798B0C0-0146-44B1-BF46-43853A97BA0C}.Debug|Any CPU.Build.0 = Debug|Any CPU
		{4798B0C0-0146-44B1-BF46-43853A97BA0C}.Release|Any CPU.ActiveCfg = Release|Any CPU
		{4798B0C0-0146-44B1-BF46-43853A97BA0C}.Release|Any CPU.Build.0 = Release|Any CPU
		{1616E4F0-D60B-4C80-B2D7-525DEF1B2D64}.Debug|Any CPU.ActiveCfg = Debug|Any CPU
		{1616E4F0-D60B-4C80-B2D7-525DEF1B2D64}.Debug|Any CPU.Build.0 = Debug|Any CPU
		{1616E4F0-D60B-4C80-B2D7-525DEF1B2D64}.Release|Any CPU.ActiveCfg = Release|Any CPU
		{1616E4F0-D60B-4C80-B2D7-525DEF1B2D64}.Release|Any CPU.Build.0 = Release|Any CPU
		{35F39EE5-0F7E-4BF4-9A71-5424910E8A15}.Debug|Any CPU.ActiveCfg = Debug|Any CPU
		{35F39EE5-0F7E-4BF4-9A71-5424910E8A15}.Debug|Any CPU.Build.0 = Debug|Any CPU
		{35F39EE5-0F7E-4BF4-9A71-5424910E8A15}.Release|Any CPU.ActiveCfg = Release|Any CPU
		{35F39EE5-0F7E-4BF4-9A71-5424910E8A15}.Release|Any CPU.Build.0 = Release|Any CPU
		{DC4A5B28-DFBB-4875-B543-7C73F8DD6D33}.Debug|Any CPU.ActiveCfg = Debug|Any CPU
		{DC4A5B28-DFBB-4875-B543-7C73F8DD6D33}.Debug|Any CPU.Build.0 = Debug|Any CPU
		{DC4A5B28-DFBB-4875-B543-7C73F8DD6D33}.Release|Any CPU.ActiveCfg = Release|Any CPU
		{DC4A5B28-DFBB-4875-B543-7C73F8DD6D33}.Release|Any CPU.Build.0 = Release|Any CPU
	EndGlobalSection
	GlobalSection(SolutionProperties) = preSolution
		HideSolutionNode = FALSE
	EndGlobalSection
	GlobalSection(ExtensibilityGlobals) = postSolution
		SolutionGuid = {13E7CB74-7BB5-4CB8-A3E0-BD85A12994DC}
	EndGlobalSection
EndGlobal
